
Microsoft Visual Studio Solution File, Format Version 12.00
# Visual Studio Version 17
VisualStudioVersion = 17.0.31903.59
MinimumVisualStudioVersion = 10.0.40219.1
Project("{FAE04EC0-301F-11D3-BF4B-00C04F79EFBC}") = "MeuPrograma", "MeuPrograma\MeuPrograma.csproj", "{8005F5A1-973B-4DF9-9224-4A0966D72BEA}"
EndProject
Project("{FAE04EC0-301F-11D3-BF4B-00C04F79EFBC}") = "VariousTypes", "VariousTypes\VariousTypes.csproj", "{C2F90EB5-3C46-4742-8D2B-CD8743E32424}"
EndProject
Project("{FAE04EC0-301F-11D3-BF4B-00C04F79EFBC}") = "ManyStrings", "ManyStrings\ManyStrings.csproj", "{A32CBAFD-D6EC-423A-8990-F69F768706F8}"
EndProject
Global
	GlobalSection(SolutionConfigurationPlatforms) = preSolution
		Debug|Any CPU = Debug|Any CPU
		Release|Any CPU = Release|Any CPU
	EndGlobalSection
	GlobalSection(SolutionProperties) = preSolution
		HideSolutionNode = FALSE
	EndGlobalSection
	GlobalSection(ProjectConfigurationPlatforms) = postSolution
		{8005F5A1-973B-4DF9-9224-4A0966D72BEA}.Debug|Any CPU.ActiveCfg = Debug|Any CPU
		{8005F5A1-973B-4DF9-9224-4A0966D72BEA}.Debug|Any CPU.Build.0 = Debug|Any CPU
		{8005F5A1-973B-4DF9-9224-4A0966D72BEA}.Release|Any CPU.ActiveCfg = Release|Any CPU
		{8005F5A1-973B-4DF9-9224-4A0966D72BEA}.Release|Any CPU.Build.0 = Release|Any CPU
		{C2F90EB5-3C46-4742-8D2B-CD8743E32424}.Debug|Any CPU.ActiveCfg = Debug|Any CPU
		{C2F90EB5-3C46-4742-8D2B-CD8743E32424}.Debug|Any CPU.Build.0 = Debug|Any CPU
		{C2F90EB5-3C46-4742-8D2B-CD8743E32424}.Release|Any CPU.ActiveCfg = Release|Any CPU
		{C2F90EB5-3C46-4742-8D2B-CD8743E32424}.Release|Any CPU.Build.0 = Release|Any CPU
		{A32CBAFD-D6EC-423A-8990-F69F768706F8}.Debug|Any CPU.ActiveCfg = Debug|Any CPU
		{A32CBAFD-D6EC-423A-8990-F69F768706F8}.Debug|Any CPU.Build.0 = Debug|Any CPU
		{A32CBAFD-D6EC-423A-8990-F69F768706F8}.Release|Any CPU.ActiveCfg = Release|Any CPU
		{A32CBAFD-D6EC-423A-8990-F69F768706F8}.Release|Any CPU.Build.0 = Release|Any CPU
	EndGlobalSection
EndGlobal
