
Microsoft Visual Studio Solution File, Format Version 12.00
# Visual Studio Version 17
VisualStudioVersion = 17.0.31903.59
MinimumVisualStudioVersion = 10.0.40219.1
Project("{FAE04EC0-301F-11D3-BF4B-00C04F79EFBC}") = "OlaMundo", "OlaMundo\OlaMundo.csproj", "{4DBBF98B-8D4A-4516-AF17-0D5DDC284C24}"
EndProject
Project("{FAE04EC0-301F-11D3-BF4B-00C04F79EFBC}") = "Argumentos", "Argumentos\Argumentos.csproj", "{BB18BC09-6C87-424E-99F3-A2718E9151C1}"
EndProject
Project("{FAE04EC0-301F-11D3-BF4B-00C04F79EFBC}") = "ArgLongStrings", "ArgLongStrings\ArgLongStrings.csproj", "{A815DF2B-EFFA-41D6-BACA-41F761FC5B81}"
EndProject
Global
	GlobalSection(SolutionConfigurationPlatforms) = preSolution
		Debug|Any CPU = Debug|Any CPU
		Release|Any CPU = Release|Any CPU
	EndGlobalSection
	GlobalSection(SolutionProperties) = preSolution
		HideSolutionNode = FALSE
	EndGlobalSection
	GlobalSection(ProjectConfigurationPlatforms) = postSolution
		{4DBBF98B-8D4A-4516-AF17-0D5DDC284C24}.Debug|Any CPU.ActiveCfg = Debug|Any CPU
		{4DBBF98B-8D4A-4516-AF17-0D5DDC284C24}.Debug|Any CPU.Build.0 = Debug|Any CPU
		{4DBBF98B-8D4A-4516-AF17-0D5DDC284C24}.Release|Any CPU.ActiveCfg = Release|Any CPU
		{4DBBF98B-8D4A-4516-AF17-0D5DDC284C24}.Release|Any CPU.Build.0 = Release|Any CPU
		{BB18BC09-6C87-424E-99F3-A2718E9151C1}.Debug|Any CPU.ActiveCfg = Debug|Any CPU
		{BB18BC09-6C87-424E-99F3-A2718E9151C1}.Debug|Any CPU.Build.0 = Debug|Any CPU
		{BB18BC09-6C87-424E-99F3-A2718E9151C1}.Release|Any CPU.ActiveCfg = Release|Any CPU
		{BB18BC09-6C87-424E-99F3-A2718E9151C1}.Release|Any CPU.Build.0 = Release|Any CPU
		{A815DF2B-EFFA-41D6-BACA-41F761FC5B81}.Debug|Any CPU.ActiveCfg = Debug|Any CPU
		{A815DF2B-EFFA-41D6-BACA-41F761FC5B81}.Debug|Any CPU.Build.0 = Debug|Any CPU
		{A815DF2B-EFFA-41D6-BACA-41F761FC5B81}.Release|Any CPU.ActiveCfg = Release|Any CPU
		{A815DF2B-EFFA-41D6-BACA-41F761FC5B81}.Release|Any CPU.Build.0 = Release|Any CPU
	EndGlobalSection
EndGlobal
